
Microsoft Visual Studio Solution File, Format Version 12.00
# Visual Studio 14
VisualStudioVersion = 14.0.23107.0
MinimumVisualStudioVersion = 10.0.40219.1
Project("{FAE04EC0-301F-11D3-BF4B-00C04F79EFBC}") = "MessageBoard", "MessageBoard\MessageBoard.csproj", "{798F4077-AED3-4D31-B654-1A837EB25BF1}"
EndProject
Project("{FAE04EC0-301F-11D3-BF4B-00C04F79EFBC}") = "MessageBoard.Tests", "MessageBoard.Tests\MessageBoard.Tests.csproj", "{B042498E-1EEC-4DFF-8E4F-0C8058652F83}"
EndProject
Global
	GlobalSection(SolutionConfigurationPlatforms) = preSolution
		Debug|Any CPU = Debug|Any CPU
		Release|Any CPU = Release|Any CPU
	EndGlobalSection
	GlobalSection(ProjectConfigurationPlatforms) = postSolution
		{798F4077-AED3-4D31-B654-1A837EB25BF1}.Debug|Any CPU.ActiveCfg = Debug|Any CPU
		{798F4077-AED3-4D31-B654-1A837EB25BF1}.Debug|Any CPU.Build.0 = Debug|Any CPU
		{798F4077-AED3-4D31-B654-1A837EB25BF1}.Release|Any CPU.ActiveCfg = Release|Any CPU
		{798F4077-AED3-4D31-B654-1A837EB25BF1}.Release|Any CPU.Build.0 = Release|Any CPU
		{B042498E-1EEC-4DFF-8E4F-0C8058652F83}.Debug|Any CPU.ActiveCfg = Debug|Any CPU
		{B042498E-1EEC-4DFF-8E4F-0C8058652F83}.Debug|Any CPU.Build.0 = Debug|Any CPU
		{B042498E-1EEC-4DFF-8E4F-0C8058652F83}.Release|Any CPU.ActiveCfg = Release|Any CPU
		{B042498E-1EEC-4DFF-8E4F-0C8058652F83}.Release|Any CPU.Build.0 = Release|Any CPU
	EndGlobalSection
	GlobalSection(SolutionProperties) = preSolution
		HideSolutionNode = FALSE
	EndGlobalSection
EndGlobal
